
Microsoft Visual Studio Solution File, Format Version 12.00
# Visual Studio Version 18
VisualStudioVersion = 18.10.12201.205 stable
MinimumVisualStudioVersion = 10.0.40219.1
Project("{8BC9CEB8-8B4A-11D0-8D11-00A0C91BC942}") = "example", "example.vcxproj", "{F87E1847-BECD-4423-9F51-C52400A4F9EF}"
EndProject
Global
	GlobalSection(SolutionConfigurationPlatforms) = preSolution
		Debug|x64 = Debug|x64
		Release|x64 = Release|x64
	EndGlobalSection
	GlobalSection(ProjectConfigurationPlatforms) = postSolution
		{F87E1847-BECD-4423-9F51-C52400A4F9EF}.Debug|x64.ActiveCfg = Debug|x64
		{F87E1847-BECD-4423-9F51-C52400A4F9EF}.Debug|x64.Build.0 = Debug|x64
		{F87E1847-BECD-4423-9F51-C52400A4F9EF}.Release|x64.ActiveCfg = Release|x64
		{F87E1847-BECD-4423-9F51-C52400A4F9EF}.Release|x64.Build.0 = Release|x64
	EndGlobalSection
	GlobalSection(SolutionProperties) = preSolution
		HideSolutionNode = FALSE
	EndGlobalSection
	GlobalSection(ExtensibilityGlobals) = postSolution
		SolutionGuid = {589304A5-3FE4-4A95-8DA0-3228F0B1C553}
	EndGlobalSection
EndGlobal
